// !$*UTF8*$!
{
	archiveVersion = 1;
	classes = {
	};
	objectVersion = 46;
	objects = {

/* Begin PBXBuildFile section */
		A636B3A11B4E4A4E0043657A /* ImageTile.swift in Sources */ = {isa = PBXBuildFile; fileRef = A636B3A01B4E4A4E0043657A /* ImageTile.swift */; };
		A636B3A31B4EC2D60043657A /* SF_Map.bundle in Resources */ = {isa = PBXBuildFile; fileRef = A636B3A21B4EC2D60043657A /* SF_Map.bundle */; settings = {ASSET_TAGS = (SF_Map, ); }; };
		A636B3A51B4EC7DA0043657A /* LA_Map.bundle in Resources */ = {isa = PBXBuildFile; fileRef = A636B3A41B4EC7DA0043657A /* LA_Map.bundle */; settings = {ASSET_TAGS = (LA_Map, ); }; };
		A636B3A71B4ECD150043657A /* SD_Map.bundle in Resources */ = {isa = PBXBuildFile; fileRef = A636B3A61B4ECD150043657A /* SD_Map.bundle */; settings = {ASSET_TAGS = (SD_Map, ); }; };
		A636B3A91B4ED04A0043657A /* SNVL_Map.bundle in Resources */ = {isa = PBXBuildFile; fileRef = A636B3A81B4ED04A0043657A /* SNVL_Map.bundle */; settings = {ASSET_TAGS = (SNVL_Map, ); }; };
		A63B63B21B4107CF002178B7 /* AppDelegate.swift in Sources */ = {isa = PBXBuildFile; fileRef = A63B63B11B4107CF002178B7 /* AppDelegate.swift */; };
		A63B63B41B4107CF002178B7 /* MapChromeViewController.swift in Sources */ = {isa = PBXBuildFile; fileRef = A63B63B31B4107CF002178B7 /* MapChromeViewController.swift */; };
		A63B63B71B4107CF002178B7 /* Main.storyboard in Resources */ = {isa = PBXBuildFile; fileRef = A63B63B51B4107CF002178B7 /* Main.storyboard */; };
		A63B63B91B4107CF002178B7 /* Assets.xcassets in Resources */ = {isa = PBXBuildFile; fileRef = A63B63B81B4107CF002178B7 /* Assets.xcassets */; };
		A63B63BC1B4107CF002178B7 /* LaunchScreen.storyboard in Resources */ = {isa = PBXBuildFile; fileRef = A63B63BA1B4107CF002178B7 /* LaunchScreen.storyboard */; };
		A63B63C41B41084D002178B7 /* HistoricTileMapOverlayRenderer.swift in Sources */ = {isa = PBXBuildFile; fileRef = A63B63C31B41084D002178B7 /* HistoricTileMapOverlayRenderer.swift */; };
		A63B63C61B41086D002178B7 /* HistoricTileMapOverlay.swift in Sources */ = {isa = PBXBuildFile; fileRef = A63B63C51B41086D002178B7 /* HistoricTileMapOverlay.swift */; };
		A63B92B51B4F4FCF00C67CCC /* Yos_Map.bundle in Resources */ = {isa = PBXBuildFile; fileRef = A63B92B41B4F4FCF00C67CCC /* Yos_Map.bundle */; settings = {ASSET_TAGS = (Yos_Map, ); }; };
		A63B92B71B4F769D00C67CCC /* SC_Map.bundle in Resources */ = {isa = PBXBuildFile; fileRef = A63B92B61B4F769D00C67CCC /* SC_Map.bundle */; settings = {ASSET_TAGS = (SC_Map, ); }; };
		A65DC4311B4236480029ACDB /* NSBundle+ContentExtractor.swift in Sources */ = {isa = PBXBuildFile; fileRef = A65DC4301B4236480029ACDB /* NSBundle+ContentExtractor.swift */; };
		A667DD011B42FED000B8016C /* example_map.png in Resources */ = {isa = PBXBuildFile; fileRef = A667DD001B42FED000B8016C /* example_map.png */; };
		A674F90B1B4F77DC004EB45B /* Mont_Map.bundle in Resources */ = {isa = PBXBuildFile; fileRef = A674F90A1B4F77DC004EB45B /* Mont_Map.bundle */; settings = {ASSET_TAGS = (Mont_Map, ); }; };
		A69035281B43C0DF00439C92 /* MapSplitViewController.swift in Sources */ = {isa = PBXBuildFile; fileRef = A69035271B43C0DF00439C92 /* MapSplitViewController.swift */; };
		A6C3D1311B4509AD009602C3 /* MapContentTableViewController.swift in Sources */ = {isa = PBXBuildFile; fileRef = A6C3D1301B4509AD009602C3 /* MapContentTableViewController.swift */; };
		A6C3D1351B450EF5009602C3 /* HistoricMapOverlayData.swift in Sources */ = {isa = PBXBuildFile; fileRef = A6C3D1341B450EF5009602C3 /* HistoricMapOverlayData.swift */; };
/* End PBXBuildFile section */

/* Begin PBXFileReference section */
		A636B3A01B4E4A4E0043657A /* ImageTile.swift */ = {isa = PBXFileReference; fileEncoding = 4; lastKnownFileType = sourcecode.swift; path = ImageTile.swift; sourceTree = "<group>"; };
		A636B3A21B4EC2D60043657A /* SF_Map.bundle */ = {isa = PBXFileReference; lastKnownFileType = "wrapper.plug-in"; path = SF_Map.bundle; sourceTree = "<group>"; };
		A636B3A41B4EC7DA0043657A /* LA_Map.bundle */ = {isa = PBXFileReference; lastKnownFileType = "wrapper.plug-in"; path = LA_Map.bundle; sourceTree = "<group>"; };
		A636B3A61B4ECD150043657A /* SD_Map.bundle */ = {isa = PBXFileReference; lastKnownFileType = "wrapper.plug-in"; path = SD_Map.bundle; sourceTree = "<group>"; };
		A636B3A81B4ED04A0043657A /* SNVL_Map.bundle */ = {isa = PBXFileReference; lastKnownFileType = "wrapper.plug-in"; path = SNVL_Map.bundle; sourceTree = "<group>"; };
		A63B63AE1B4107CF002178B7 /* GoodOldCA.app */ = {isa = PBXFileReference; explicitFileType = wrapper.application; includeInIndex = 0; path = GoodOldCA.app; sourceTree = BUILT_PRODUCTS_DIR; };
		A63B63B11B4107CF002178B7 /* AppDelegate.swift */ = {isa = PBXFileReference; lastKnownFileType = sourcecode.swift; path = AppDelegate.swift; sourceTree = "<group>"; };
		A63B63B31B4107CF002178B7 /* MapChromeViewController.swift */ = {isa = PBXFileReference; indentWidth = 2; lastKnownFileType = sourcecode.swift; path = MapChromeViewController.swift; sourceTree = "<group>"; tabWidth = 2; usesTabs = 0; };
		A63B63B61B4107CF002178B7 /* Base */ = {isa = PBXFileReference; lastKnownFileType = file.storyboard; name = Base; path = Base.lproj/Main.storyboard; sourceTree = "<group>"; };
		A63B63B81B4107CF002178B7 /* Assets.xcassets */ = {isa = PBXFileReference; lastKnownFileType = folder.assetcatalog; path = Assets.xcassets; sourceTree = "<group>"; };
		A63B63BB1B4107CF002178B7 /* Base */ = {isa = PBXFileReference; lastKnownFileType = file.storyboard; name = Base; path = Base.lproj/LaunchScreen.storyboard; sourceTree = "<group>"; };
		A63B63BD1B4107CF002178B7 /* Info.plist */ = {isa = PBXFileReference; lastKnownFileType = text.plist.xml; path = Info.plist; sourceTree = "<group>"; };
		A63B63C31B41084D002178B7 /* HistoricTileMapOverlayRenderer.swift */ = {isa = PBXFileReference; fileEncoding = 4; lastKnownFileType = sourcecode.swift; path = HistoricTileMapOverlayRenderer.swift; sourceTree = "<group>"; };
		A63B63C51B41086D002178B7 /* HistoricTileMapOverlay.swift */ = {isa = PBXFileReference; fileEncoding = 4; lastKnownFileType = sourcecode.swift; path = HistoricTileMapOverlay.swift; sourceTree = "<group>"; };
		A63B92B41B4F4FCF00C67CCC /* Yos_Map.bundle */ = {isa = PBXFileReference; lastKnownFileType = "wrapper.plug-in"; path = Yos_Map.bundle; sourceTree = "<group>"; };
		A63B92B61B4F769D00C67CCC /* SC_Map.bundle */ = {isa = PBXFileReference; lastKnownFileType = "wrapper.plug-in"; path = SC_Map.bundle; sourceTree = "<group>"; };
		A65DC4301B4236480029ACDB /* NSBundle+ContentExtractor.swift */ = {isa = PBXFileReference; fileEncoding = 4; indentWidth = 2; lastKnownFileType = sourcecode.swift; path = "NSBundle+ContentExtractor.swift"; sourceTree = "<group>"; tabWidth = 2; };
		A667DD001B42FED000B8016C /* example_map.png */ = {isa = PBXFileReference; lastKnownFileType = image.png; path = example_map.png; sourceTree = "<group>"; };
		A674F90A1B4F77DC004EB45B /* Mont_Map.bundle */ = {isa = PBXFileReference; lastKnownFileType = "wrapper.plug-in"; path = Mont_Map.bundle; sourceTree = "<group>"; };
		A69035271B43C0DF00439C92 /* MapSplitViewController.swift */ = {isa = PBXFileReference; fileEncoding = 4; lastKnownFileType = sourcecode.swift; path = MapSplitViewController.swift; sourceTree = "<group>"; };
		A6C3D1301B4509AD009602C3 /* MapContentTableViewController.swift */ = {isa = PBXFileReference; fileEncoding = 4; lastKnownFileType = sourcecode.swift; path = MapContentTableViewController.swift; sourceTree = "<group>"; };
		A6C3D1341B450EF5009602C3 /* HistoricMapOverlayData.swift */ = {isa = PBXFileReference; fileEncoding = 4; lastKnownFileType = sourcecode.swift; path = HistoricMapOverlayData.swift; sourceTree = "<group>"; };
/* End PBXFileReference section */

/* Begin PBXFrameworksBuildPhase section */
		A63B63AB1B4107CF002178B7 /* Frameworks */ = {
			isa = PBXFrameworksBuildPhase;
			buildActionMask = 2147483647;
			files = (
			);
			runOnlyForDeploymentPostprocessing = 0;
		};
/* End PBXFrameworksBuildPhase section */

/* Begin PBXGroup section */
		A63B63A51B4107CF002178B7 = {
			isa = PBXGroup;
			children = (
				A63B63B01B4107CF002178B7 /* GoodOldCA */,
				A63B63AF1B4107CF002178B7 /* Products */,
			);
			indentWidth = 2;
			sourceTree = "<group>";
			tabWidth = 2;
		};
		A63B63AF1B4107CF002178B7 /* Products */ = {
			isa = PBXGroup;
			children = (
				A63B63AE1B4107CF002178B7 /* GoodOldCA.app */,
			);
			name = Products;
			sourceTree = "<group>";
		};
		A63B63B01B4107CF002178B7 /* GoodOldCA */ = {
			isa = PBXGroup;
			children = (
				A63B63B11B4107CF002178B7 /* AppDelegate.swift */,
				A674F90E1B50C1D5004EB45B /* View Controllers */,
				A674F90D1B4F8366004EB45B /* Map Overlays & Data */,
				A69695331B4131B70018D403 /* Map Bundles */,
				A674F90F1B50C1FE004EB45B /* misc */,
				A63B63B81B4107CF002178B7 /* Assets.xcassets */,
				A63B63B51B4107CF002178B7 /* Main.storyboard */,
				A63B63BA1B4107CF002178B7 /* LaunchScreen.storyboard */,
				A63B63BD1B4107CF002178B7 /* Info.plist */,
			);
			path = GoodOldCA;
			sourceTree = "<group>";
		};
		A667DD021B42FED600B8016C /* Map Thumbnails */ = {
			isa = PBXGroup;
			children = (
				A667DD001B42FED000B8016C /* example_map.png */,
			);
			name = "Map Thumbnails";
			sourceTree = "<group>";
		};
		A674F90D1B4F8366004EB45B /* Map Overlays & Data */ = {
			isa = PBXGroup;
			children = (
				A667DD021B42FED600B8016C /* Map Thumbnails */,
				A63B63C31B41084D002178B7 /* HistoricTileMapOverlayRenderer.swift */,
				A63B63C51B41086D002178B7 /* HistoricTileMapOverlay.swift */,
				A6C3D1341B450EF5009602C3 /* HistoricMapOverlayData.swift */,
				A636B3A01B4E4A4E0043657A /* ImageTile.swift */,
			);
			name = "Map Overlays & Data";
			sourceTree = "<group>";
		};
		A674F90E1B50C1D5004EB45B /* View Controllers */ = {
			isa = PBXGroup;
			children = (
				A63B63B31B4107CF002178B7 /* MapChromeViewController.swift */,
				A6C3D1301B4509AD009602C3 /* MapContentTableViewController.swift */,
				A69035271B43C0DF00439C92 /* MapSplitViewController.swift */,
			);
			name = "View Controllers";
			sourceTree = "<group>";
		};
		A674F90F1B50C1FE004EB45B /* misc */ = {
			isa = PBXGroup;
			children = (
				A65DC4301B4236480029ACDB /* NSBundle+ContentExtractor.swift */,
			);
			name = misc;
			sourceTree = "<group>";
		};
		A69695331B4131B70018D403 /* Map Bundles */ = {
			isa = PBXGroup;
			children = (
				A636B3A41B4EC7DA0043657A /* LA_Map.bundle */,
				A674F90A1B4F77DC004EB45B /* Mont_Map.bundle */,
				A63B92B61B4F769D00C67CCC /* SC_Map.bundle */,
				A636B3A61B4ECD150043657A /* SD_Map.bundle */,
				A636B3A21B4EC2D60043657A /* SF_Map.bundle */,
				A636B3A81B4ED04A0043657A /* SNVL_Map.bundle */,
				A63B92B41B4F4FCF00C67CCC /* Yos_Map.bundle */,
			);
			name = "Map Bundles";
			sourceTree = "<group>";
		};
/* End PBXGroup section */

/* Begin PBXNativeTarget section */
		A63B63AD1B4107CF002178B7 /* GoodOldCA */ = {
			isa = PBXNativeTarget;
			buildConfigurationList = A63B63C01B4107CF002178B7 /* Build configuration list for PBXNativeTarget "GoodOldCA" */;
			buildPhases = (
				A63B63AA1B4107CF002178B7 /* Sources */,
				A63B63AB1B4107CF002178B7 /* Frameworks */,
				A63B63AC1B4107CF002178B7 /* Resources */,
			);
			buildRules = (
			);
			dependencies = (
			);
			name = GoodOldCA;
			productName = Topo;
			productReference = A63B63AE1B4107CF002178B7 /* GoodOldCA.app */;
			productType = "com.apple.product-type.application";
		};
/* End PBXNativeTarget section */

/* Begin PBXProject section */
		A63B63A61B4107CF002178B7 /* Project object */ = {
			isa = PBXProject;
			attributes = {
				KnownAssetTags = (
					Cap_Map,
					LA_Map,
					Mav_Map,
					Mont_Map,
					SB_Map,
					SC_Map,
					SD_Map,
					SF_Map,
					SNVL_Map,
					Yos_Map,
				);
				LastUpgradeCheck = 0700;
				ORGANIZATIONNAME = Razeware;
				TargetAttributes = {
					A63B63AD1B4107CF002178B7 = {
						CreatedOnToolsVersion = 7.0;
					};
				};
			};
			buildConfigurationList = A63B63A91B4107CF002178B7 /* Build configuration list for PBXProject "GoodOldCA" */;
			compatibilityVersion = "Xcode 3.2";
			developmentRegion = English;
			hasScannedForEncodings = 0;
			knownRegions = (
				en,
				Base,
			);
			mainGroup = A63B63A51B4107CF002178B7;
			productRefGroup = A63B63AF1B4107CF002178B7 /* Products */;
			projectDirPath = "";
			projectRoot = "";
			targets = (
				A63B63AD1B4107CF002178B7 /* GoodOldCA */,
			);
		};
/* End PBXProject section */

/* Begin PBXResourcesBuildPhase section */
		A63B63AC1B4107CF002178B7 /* Resources */ = {
			isa = PBXResourcesBuildPhase;
			buildActionMask = 2147483647;
			files = (
				A636B3A31B4EC2D60043657A /* SF_Map.bundle in Resources */,
				A63B92B51B4F4FCF00C67CCC /* Yos_Map.bundle in Resources */,
				A636B3A71B4ECD150043657A /* SD_Map.bundle in Resources */,
				A63B63BC1B4107CF002178B7 /* LaunchScreen.storyboard in Resources */,
				A63B63B91B4107CF002178B7 /* Assets.xcassets in Resources */,
				A636B3A91B4ED04A0043657A /* SNVL_Map.bundle in Resources */,
				A636B3A51B4EC7DA0043657A /* LA_Map.bundle in Resources */,
				A63B92B71B4F769D00C67CCC /* SC_Map.bundle in Resources */,
				A674F90B1B4F77DC004EB45B /* Mont_Map.bundle in Resources */,
				A63B63B71B4107CF002178B7 /* Main.storyboard in Resources */,
				A667DD011B42FED000B8016C /* example_map.png in Resources */,
			);
			runOnlyForDeploymentPostprocessing = 0;
		};
/* End PBXResourcesBuildPhase section */

/* Begin PBXSourcesBuildPhase section */
		A63B63AA1B4107CF002178B7 /* Sources */ = {
			isa = PBXSourcesBuildPhase;
			buildActionMask = 2147483647;
			files = (
				A636B3A11B4E4A4E0043657A /* ImageTile.swift in Sources */,
				A63B63B41B4107CF002178B7 /* MapChromeViewController.swift in Sources */,
				A65DC4311B4236480029ACDB /* NSBundle+ContentExtractor.swift in Sources */,
				A63B63C41B41084D002178B7 /* HistoricTileMapOverlayRenderer.swift in Sources */,
				A63B63C61B41086D002178B7 /* HistoricTileMapOverlay.swift in Sources */,
				A63B63B21B4107CF002178B7 /* AppDelegate.swift in Sources */,
				A6C3D1311B4509AD009602C3 /* MapContentTableViewController.swift in Sources */,
				A69035281B43C0DF00439C92 /* MapSplitViewController.swift in Sources */,
				A6C3D1351B450EF5009602C3 /* HistoricMapOverlayData.swift in Sources */,
			);
			runOnlyForDeploymentPostprocessing = 0;
		};
/* End PBXSourcesBuildPhase section */

/* Begin PBXVariantGroup section */
		A63B63B51B4107CF002178B7 /* Main.storyboard */ = {
			isa = PBXVariantGroup;
			children = (
				A63B63B61B4107CF002178B7 /* Base */,
			);
			name = Main.storyboard;
			sourceTree = "<group>";
		};
		A63B63BA1B4107CF002178B7 /* LaunchScreen.storyboard */ = {
			isa = PBXVariantGroup;
			children = (
				A63B63BB1B4107CF002178B7 /* Base */,
			);
			name = LaunchScreen.storyboard;
			sourceTree = "<group>";
		};
/* End PBXVariantGroup section */

/* Begin XCBuildConfiguration section */
		A63B63BE1B4107CF002178B7 /* Debug */ = {
			isa = XCBuildConfiguration;
			buildSettings = {
				ALWAYS_SEARCH_USER_PATHS = NO;
				CLANG_CXX_LANGUAGE_STANDARD = "gnu++0x";
				CLANG_CXX_LIBRARY = "libc++";
				CLANG_ENABLE_MODULES = YES;
				CLANG_ENABLE_OBJC_ARC = YES;
				CLANG_WARN_BOOL_CONVERSION = YES;
				CLANG_WARN_CONSTANT_CONVERSION = YES;
				CLANG_WARN_DIRECT_OBJC_ISA_USAGE = YES_ERROR;
				CLANG_WARN_EMPTY_BODY = YES;
				CLANG_WARN_ENUM_CONVERSION = YES;
				CLANG_WARN_INT_CONVERSION = YES;
				CLANG_WARN_OBJC_ROOT_CLASS = YES_ERROR;
				CLANG_WARN_UNREACHABLE_CODE = YES;
				CLANG_WARN__DUPLICATE_METHOD_MATCH = YES;
				"CODE_SIGN_IDENTITY[sdk=iphoneos*]" = "iPhone Developer";
				COPY_PHASE_STRIP = NO;
				DEBUG_INFORMATION_FORMAT = dwarf;
				ENABLE_STRICT_OBJC_MSGSEND = YES;
				ENABLE_TESTABILITY = YES;
				GCC_C_LANGUAGE_STANDARD = gnu99;
				GCC_DYNAMIC_NO_PIC = NO;
				GCC_NO_COMMON_BLOCKS = YES;
				GCC_OPTIMIZATION_LEVEL = 0;
				GCC_PREPROCESSOR_DEFINITIONS = (
					"DEBUG=1",
					"$(inherited)",
				);
				GCC_WARN_64_TO_32_BIT_CONVERSION = YES;
				GCC_WARN_ABOUT_RETURN_TYPE = YES_ERROR;
				GCC_WARN_UNDECLARED_SELECTOR = YES;
				GCC_WARN_UNINITIALIZED_AUTOS = YES_AGGRESSIVE;
				GCC_WARN_UNUSED_FUNCTION = YES;
				GCC_WARN_UNUSED_VARIABLE = YES;
				IPHONEOS_DEPLOYMENT_TARGET = 9.0;
				MTL_ENABLE_DEBUG_INFO = YES;
				ONLY_ACTIVE_ARCH = YES;
				SDKROOT = iphoneos;
				SWIFT_OPTIMIZATION_LEVEL = "-Onone";
				TARGETED_DEVICE_FAMILY = "1,2";
			};
			name = Debug;
		};
		A63B63BF1B4107CF002178B7 /* Release */ = {
			isa = XCBuildConfiguration;
			buildSettings = {
				ALWAYS_SEARCH_USER_PATHS = NO;
				CLANG_CXX_LANGUAGE_STANDARD = "gnu++0x";
				CLANG_CXX_LIBRARY = "libc++";
				CLANG_ENABLE_MODULES = YES;
				CLANG_ENABLE_OBJC_ARC = YES;
				CLANG_WARN_BOOL_CONVERSION = YES;
				CLANG_WARN_CONSTANT_CONVERSION = YES;
				CLANG_WARN_DIRECT_OBJC_ISA_USAGE = YES_ERROR;
				CLANG_WARN_EMPTY_BODY = YES;
				CLANG_WARN_ENUM_CONVERSION = YES;
				CLANG_WARN_INT_CONVERSION = YES;
				CLANG_WARN_OBJC_ROOT_CLASS = YES_ERROR;
				CLANG_WARN_UNREACHABLE_CODE = YES;
				CLANG_WARN__DUPLICATE_METHOD_MATCH = YES;
				"CODE_SIGN_IDENTITY[sdk=iphoneos*]" = "iPhone Developer";
				COPY_PHASE_STRIP = NO;
				DEBUG_INFORMATION_FORMAT = "dwarf-with-dsym";
				ENABLE_NS_ASSERTIONS = NO;
				ENABLE_STRICT_OBJC_MSGSEND = YES;
				GCC_C_LANGUAGE_STANDARD = gnu99;
				GCC_NO_COMMON_BLOCKS = YES;
				GCC_WARN_64_TO_32_BIT_CONVERSION = YES;
				GCC_WARN_ABOUT_RETURN_TYPE = YES_ERROR;
				GCC_WARN_UNDECLARED_SELECTOR = YES;
				GCC_WARN_UNINITIALIZED_AUTOS = YES_AGGRESSIVE;
				GCC_WARN_UNUSED_FUNCTION = YES;
				GCC_WARN_UNUSED_VARIABLE = YES;
				IPHONEOS_DEPLOYMENT_TARGET = 9.0;
				MTL_ENABLE_DEBUG_INFO = NO;
				SDKROOT = iphoneos;
				TARGETED_DEVICE_FAMILY = "1,2";
				VALIDATE_PRODUCT = YES;
			};
			name = Release;
		};
		A63B63C11B4107CF002178B7 /* Debug */ = {
			isa = XCBuildConfiguration;
			buildSettings = {
				ASSETCATALOG_COMPILER_APPICON_NAME = AppIcon;
				CODE_SIGN_IDENTITY = "iPhone Developer";
				"CODE_SIGN_IDENTITY[sdk=iphoneos*]" = "iPhone Developer";
				INFOPLIST_FILE = Topo/Info.plist;
				IPHONEOS_DEPLOYMENT_TARGET = 9.0;
				LD_RUNPATH_SEARCH_PATHS = "$(inherited) @executable_path/Frameworks";
				PRODUCT_BUNDLE_IDENTIFIER = com.raywenderlich.GoodOldCA;
				PRODUCT_NAME = GoodOldCA;
				PROVISIONING_PROFILE = "";
			};
			name = Debug;
		};
		A63B63C21B4107CF002178B7 /* Release */ = {
			isa = XCBuildConfiguration;
			buildSettings = {
				ASSETCATALOG_COMPILER_APPICON_NAME = AppIcon;
				CODE_SIGN_IDENTITY = "iPhone Developer";
				"CODE_SIGN_IDENTITY[sdk=iphoneos*]" = "iPhone Developer";
				INFOPLIST_FILE = Topo/Info.plist;
				IPHONEOS_DEPLOYMENT_TARGET = 9.0;
				LD_RUNPATH_SEARCH_PATHS = "$(inherited) @executable_path/Frameworks";
				PRODUCT_BUNDLE_IDENTIFIER = com.raywenderlich.GoodOldCA;
				PRODUCT_NAME = GoodOldCA;
				PROVISIONING_PROFILE = "";
			};
			name = Release;
		};
/* End XCBuildConfiguration section */

/* Begin XCConfigurationList section */
		A63B63A91B4107CF002178B7 /* Build configuration list for PBXProject "GoodOldCA" */ = {
			isa = XCConfigurationList;
			buildConfigurations = (
				A63B63BE1B4107CF002178B7 /* Debug */,
				A63B63BF1B4107CF002178B7 /* Release */,
			);
			defaultConfigurationIsVisible = 0;
			defaultConfigurationName = Release;
		};
		A63B63C01B4107CF002178B7 /* Build configuration list for PBXNativeTarget "GoodOldCA" */ = {
			isa = XCConfigurationList;
			buildConfigurations = (
				A63B63C11B4107CF002178B7 /* Debug */,
				A63B63C21B4107CF002178B7 /* Release */,
			);
			defaultConfigurationIsVisible = 0;
			defaultConfigurationName = Release;
		};
/* End XCConfigurationList section */
	};
	rootObject = A63B63A61B4107CF002178B7 /* Project object */;
}
